
Microsoft Visual Studio Solution File, Format Version 12.00
# Visual Studio Version 16
VisualStudioVersion = 16.0.31624.102
MinimumVisualStudioVersion = 10.0.40219.1
Project("{9A19103F-16F7-4668-BE54-9A1E7A4F7556}") = "UserData", "UserData\UserData.csproj", "{465620D3-E9CE-422C-B45D-4AE08B706654}"
EndProject
Project("{9A19103F-16F7-4668-BE54-9A1E7A4F7556}") = "UserAge", "UserAge\UserAge.csproj", "{439459C6-E827-4DF0-99BB-6E725933F415}"
EndProject
Project("{FAE04EC0-301F-11D3-BF4B-00C04F79EFBC}") = "InstagramAgeCheck", "InstagramAgeCheck\InstagramAgeCheck.csproj", "{67DB382C-958C-46DA-991B-7B5D60382A37}"
EndProject
Project("{FAE04EC0-301F-11D3-BF4B-00C04F79EFBC}") = "DrivingLisence", "DrivingLisence\DrivingLisence.csproj", "{3E828B7C-508F-4589-A24C-27DFB48A00CB}"
EndProject
Global
	GlobalSection(SolutionConfigurationPlatforms) = preSolution
		Debug|Any CPU = Debug|Any CPU
		Release|Any CPU = Release|Any CPU
	EndGlobalSection
	GlobalSection(ProjectConfigurationPlatforms) = postSolution
		{465620D3-E9CE-422C-B45D-4AE08B706654}.Debug|Any CPU.ActiveCfg = Debug|Any CPU
		{465620D3-E9CE-422C-B45D-4AE08B706654}.Debug|Any CPU.Build.0 = Debug|Any CPU
		{465620D3-E9CE-422C-B45D-4AE08B706654}.Release|Any CPU.ActiveCfg = Release|Any CPU
		{465620D3-E9CE-422C-B45D-4AE08B706654}.Release|Any CPU.Build.0 = Release|Any CPU
		{439459C6-E827-4DF0-99BB-6E725933F415}.Debug|Any CPU.ActiveCfg = Debug|Any CPU
		{439459C6-E827-4DF0-99BB-6E725933F415}.Debug|Any CPU.Build.0 = Debug|Any CPU
		{439459C6-E827-4DF0-99BB-6E725933F415}.Release|Any CPU.ActiveCfg = Release|Any CPU
		{439459C6-E827-4DF0-99BB-6E725933F415}.Release|Any CPU.Build.0 = Release|Any CPU
		{67DB382C-958C-46DA-991B-7B5D60382A37}.Debug|Any CPU.ActiveCfg = Debug|Any CPU
		{67DB382C-958C-46DA-991B-7B5D60382A37}.Debug|Any CPU.Build.0 = Debug|Any CPU
		{67DB382C-958C-46DA-991B-7B5D60382A37}.Release|Any CPU.ActiveCfg = Release|Any CPU
		{67DB382C-958C-46DA-991B-7B5D60382A37}.Release|Any CPU.Build.0 = Release|Any CPU
		{3E828B7C-508F-4589-A24C-27DFB48A00CB}.Debug|Any CPU.ActiveCfg = Debug|Any CPU
		{3E828B7C-508F-4589-A24C-27DFB48A00CB}.Debug|Any CPU.Build.0 = Debug|Any CPU
		{3E828B7C-508F-4589-A24C-27DFB48A00CB}.Release|Any CPU.ActiveCfg = Release|Any CPU
		{3E828B7C-508F-4589-A24C-27DFB48A00CB}.Release|Any CPU.Build.0 = Release|Any CPU
	EndGlobalSection
	GlobalSection(SolutionProperties) = preSolution
		HideSolutionNode = FALSE
	EndGlobalSection
	GlobalSection(ExtensibilityGlobals) = postSolution
		SolutionGuid = {38AB7B49-255E-47D5-A77F-DF1F0D10A370}
	EndGlobalSection
EndGlobal
